
Microsoft Visual Studio Solution File, Format Version 12.00
# Visual Studio Version 16
VisualStudioVersion = 16.0.30225.117
MinimumVisualStudioVersion = 10.0.40219.1
Project("{FAE04EC0-301F-11D3-BF4B-00C04F79EFBC}") = "Vraag8", "Vraag8.csproj", "{645F1D64-B640-4DC7-8262-2A747B7A7360}"
EndProject
Global
	GlobalSection(SolutionConfigurationPlatforms) = preSolution
		Debug|Any CPU = Debug|Any CPU
		Release|Any CPU = Release|Any CPU
	EndGlobalSection
	GlobalSection(ProjectConfigurationPlatforms) = postSolution
		{645F1D64-B640-4DC7-8262-2A747B7A7360}.Debug|Any CPU.ActiveCfg = Debug|Any CPU
		{645F1D64-B640-4DC7-8262-2A747B7A7360}.Debug|Any CPU.Build.0 = Debug|Any CPU
		{645F1D64-B640-4DC7-8262-2A747B7A7360}.Release|Any CPU.ActiveCfg = Release|Any CPU
		{645F1D64-B640-4DC7-8262-2A747B7A7360}.Release|Any CPU.Build.0 = Release|Any CPU
	EndGlobalSection
	GlobalSection(SolutionProperties) = preSolution
		HideSolutionNode = FALSE
	EndGlobalSection
	GlobalSection(ExtensibilityGlobals) = postSolution
		SolutionGuid = {0F39D326-F36E-4EF6-8FBF-87D50C5763B9}
	EndGlobalSection
EndGlobal
